
Microsoft Visual Studio Solution File, Format Version 12.00
# Visual Studio Version 16
VisualStudioVersion = 16.0.31613.86
MinimumVisualStudioVersion = 10.0.40219.1
Project("{FAE04EC0-301F-11D3-BF4B-00C04F79EFBC}") = "Module2HW3", "Module2HW3\Module2HW3.csproj", "{EE787F05-D94E-4528-8898-B2029A8C9B05}"
EndProject
Global
	GlobalSection(SolutionConfigurationPlatforms) = preSolution
		Debug|Any CPU = Debug|Any CPU
		Release|Any CPU = Release|Any CPU
	EndGlobalSection
	GlobalSection(ProjectConfigurationPlatforms) = postSolution
		{EE787F05-D94E-4528-8898-B2029A8C9B05}.Debug|Any CPU.ActiveCfg = Debug|Any CPU
		{EE787F05-D94E-4528-8898-B2029A8C9B05}.Debug|Any CPU.Build.0 = Debug|Any CPU
		{EE787F05-D94E-4528-8898-B2029A8C9B05}.Release|Any CPU.ActiveCfg = Release|Any CPU
		{EE787F05-D94E-4528-8898-B2029A8C9B05}.Release|Any CPU.Build.0 = Release|Any CPU
	EndGlobalSection
	GlobalSection(SolutionProperties) = preSolution
		HideSolutionNode = FALSE
	EndGlobalSection
	GlobalSection(ExtensibilityGlobals) = postSolution
		SolutionGuid = {D9FF61FE-5546-4FFD-AE93-D9294615C5F3}
	EndGlobalSection
EndGlobal
